# This file is autogenerated, do not edit; changes may be undone by the next 'dep ensure'.


[[projects]]
  digest = "1:cc0bbbf01f9f639555f9a9d4d5ff9c72da4c4c4bfe71f02fd318d37498270d80"
  name = "github.com/99designs/gqlgen"
  packages = [
    "cmd",
    "codegen",
    "codegen/templates",
    "complexity",
    "graphql",
    "graphql/introspection",
    "handler",
    "internal/gopath",
    "internal/imports",
  ]
  pruneopts = "UT"
  revision = "3a7f37c7e22a8fedce430c4d340ad5c1351198f4"
  version = "v0.7.1"

[[projects]]
  digest = "1:cc306cae16c310ca360eaee3e563109e251832a3f6a13b26bf39cc6a43c7c9f6"
  name = "github.com/agnivade/levenshtein"
  packages = ["."]
  pruneopts = "UT"
  revision = "834b435c3df04fba060c8d74a40d849ab2c4a090"
  version = "v1.0.1"

[[projects]]
  digest = "1:c79fb010be38a59d657c48c6ba1d003a8aa651fa56b579d959d74573b7dff8e1"
  name = "github.com/gorilla/context"
  packages = ["."]
  pruneopts = "UT"
  revision = "08b5f424b9271eedf6f9f0ce86cb9396ed337a42"
  version = "v1.1.1"

[[projects]]
  digest = "1:e72d1ebb8d395cf9f346fd9cbc652e5ae222dd85e0ac842dc57f175abed6d195"
  name = "github.com/gorilla/securecookie"
  packages = ["."]
  pruneopts = "UT"
  revision = "e59506cc896acb7f7bf732d4fdf5e25f7ccd8983"
  version = "v1.1.1"

[[projects]]
  digest = "1:e5bf52fd66a2e984b57b4c0f2c4ee024ed749a19886246240629998dc0cf31ce"
  name = "github.com/gorilla/sessions"
  packages = ["."]
  pruneopts = "UT"
  revision = "f57b7e2d29c6211d16ffa52a0998272f75799030"
  version = "v1.1.3"

[[projects]]
  digest = "1:7b5c6e2eeaa9ae5907c391a91c132abfd5c9e8a784a341b5625e750c67e6825d"
  name = "github.com/gorilla/websocket"
  packages = ["."]
  pruneopts = "UT"
  revision = "66b9c49e59c6c48f0ffce28c2d8b8a5678502c6d"
  version = "v1.4.0"

[[projects]]
  digest = "1:e1aa8e520787bfd8623c7df394352be3183ef207039cfb513ba40dc00c82fa6d"
  name = "github.com/gosimple/slug"
  packages = ["."]
  pruneopts = "UT"
  revision = "42ac18c34c2c6f4843fa48167317dcaa9416d1e2"
  version = "v1.4.2"

[[projects]]
  digest = "1:8ec8d88c248041a6df5f6574b87bc00e7e0b493881dad2e7ef47b11dc69093b5"
  name = "github.com/hashicorp/golang-lru"
  packages = [
    ".",
    "simplelru",
  ]
  pruneopts = "UT"
  revision = "20f1fb78b0740ba8c3cb143a61e86ba5c8669768"
  version = "v0.5.0"

[[projects]]
  digest = "1:7e63b12cdd7bef2c411d736cb67e28134d39f5d236aa1bfb8f3d55e3ad709eca"
  name = "github.com/jinzhu/gorm"
  packages = [
    ".",
    "dialects/postgres",
  ]
  pruneopts = "UT"
  revision = "472c70caa40267cb89fd8facb07fe6454b578626"
  version = "v1.9.2"

[[projects]]
  branch = "master"
  digest = "1:fd97437fbb6b7dce04132cf06775bd258cce305c44add58eb55ca86c6c325160"
  name = "github.com/jinzhu/inflection"
  packages = ["."]
  pruneopts = "UT"
  revision = "04140366298a54a039076d798123ffa108fff46c"

[[projects]]
  branch = "master"
  digest = "1:20bfc9287db8b7fb8f12d31468dab57187fd7e320e76d73d1865b7d1327e8424"
  name = "github.com/jinzhu/now"
  packages = ["."]
  pruneopts = "UT"
  revision = "8ec929ed50c3ac25ce77ba4486e1f277c552c591"

[[projects]]
  digest = "1:ca955a9cd5b50b0f43d2cc3aeb35c951473eeca41b34eb67507f1dbcc0542394"
  name = "github.com/kr/pretty"
  packages = ["."]
  pruneopts = "UT"
  revision = "73f6ac0b30a98e433b289500d779f50c1a6f0712"
  version = "v0.1.0"

[[projects]]
  digest = "1:15b5cc79aad436d47019f814fde81a10221c740dc8ddf769221a65097fb6c2e9"
  name = "github.com/kr/text"
  packages = ["."]
  pruneopts = "UT"
  revision = "e2ffdb16a802fe2bb95e2e35ff34f0e53aeef34f"
  version = "v0.1.0"

[[projects]]
  digest = "1:b18ffc558326ebaed3b4a175617f1e12ed4e3f53d6ebfe5ba372a3de16d22278"
  name = "github.com/lib/pq"
  packages = [
    ".",
    "hstore",
    "oid",
  ]
  pruneopts = "UT"
  revision = "4ded0e9383f75c197b3a2aaa6d590ac52df6fd79"
  version = "v1.0.0"

[[projects]]
  digest = "1:1fc201f179a7d45f944655de3cdbfb0a8a226fd525569454e31ca87f9e4bb677"
  name = "github.com/microcosm-cc/bluemonday"
  packages = ["."]
  pruneopts = "UT"
  revision = "82c7118e8ccf7403d4860175d97bb635e8e28239"
  version = "v1.0.1"

[[projects]]
  digest = "1:40e195917a951a8bf867cd05de2a46aaf1806c50cf92eebf4c16f78cd196f747"
  name = "github.com/pkg/errors"
  packages = ["."]
  pruneopts = "UT"
  revision = "645ef00459ed84a119197bfb8d8205042c6df63d"
  version = "v0.8.0"

[[projects]]
  branch = "master"
  digest = "1:9f4ad2a5a87babafd93cdbf18a8c8a23971e3a0b5b33708c431bd12a98ad96fb"
  name = "github.com/qor/admin"
  packages = ["."]
  pruneopts = "UT"
  revision = "0ef7c2aa0f3359bc794300e9ca46dce4c6d95e37"

[[projects]]
  branch = "master"
  digest = "1:d2bdad175842f83799e02819fa718858ebde6f8704101a7dfa0a4a8e8742e587"
  name = "github.com/qor/assetfs"
  packages = ["."]
  pruneopts = "UT"
  revision = "ff57fdc13a148d39c3e930cb27c7eaf82e376891"

[[projects]]
  branch = "master"
  digest = "1:d221e9b7e68759e27735dd1929cc37c916eb814cc5ef5bacf533d47d1ca55ff1"
  name = "github.com/qor/middlewares"
  packages = ["."]
  pruneopts = "UT"
  revision = "781378b69454a545d08058d8154aca40d079e7ab"

[[projects]]
  branch = "master"
  digest = "1:db822e0a41a1fd989c54a6252372baf4a2897257a50f69131bb30696b3cf9777"
  name = "github.com/qor/qor"
  packages = [
    ".",
    "resource",
    "utils",
  ]
  pruneopts = "UT"
  revision = "49b2dd4f5840f58f43d6d83fdd32baf56ffb24b2"

[[projects]]
  digest = "1:4d7e309108709883ce2067c488982206ecc25b81835dd6911c6f63fecb4e767c"
  name = "github.com/qor/responder"
  packages = ["."]
  pruneopts = "UT"
  revision = "ecae0be66c1a6a441001b0b5eeef51f8bc27d42a"
  version = "v1.0"

[[projects]]
  branch = "master"
  digest = "1:be8425925ff99bd3fb026add07beb8069fed5c8e199b1cd55a871f832d9f6688"
  name = "github.com/qor/roles"
  packages = ["."]
  pruneopts = "UT"
  revision = "d6375609fe3e5da46ad3a574fae244fb633e79c1"

[[projects]]
  branch = "master"
  digest = "1:b4e301b2efbd1820b3fcd612e86429ed64e1ddf159cd41ffdcd67947c1235180"
  name = "github.com/qor/session"
  packages = [
    ".",
    "gorilla",
    "manager",
  ]
  pruneopts = "UT"
  revision = "8206b0adab706a6ef3ee6fabba2584d34429a26a"

[[projects]]
  digest = "1:1a44c28f6de12e934afea5ff48ccd61a779526dc587afb60f30ebbfae838c2fd"
  name = "github.com/qor/validations"
  packages = ["."]
  pruneopts = "UT"
  revision = "87c1296c75e72a8f3247beab65c48c50b7b66a7a"
  version = "v1.0"

[[projects]]
  branch = "master"
  digest = "1:e6a29574542c00bb18adb1bfbe629ff88c468c2af2e2e953d3e58eda07165086"
  name = "github.com/rainycape/unidecode"
  packages = ["."]
  pruneopts = "UT"
  revision = "cb7f23ec59bec0d61b19c56cd88cee3d0cc1870c"

[[projects]]
  digest = "1:b0c25f00bad20d783d259af2af8666969e2fc343fa0dc9efe52936bbd67fb758"
  name = "github.com/rs/cors"
  packages = ["."]
  pruneopts = "UT"
  revision = "9a47f48565a795472d43519dd49aac781f3034fb"
  version = "v1.6.0"

[[projects]]
  branch = "master"
  digest = "1:dfb7bfe4eb3c43dc7fba75419ddb7daef855d556fbd2c3375c27321ba5139421"
  name = "github.com/theplant/cldr"
  packages = ["."]
  pruneopts = "UT"
  revision = "b97a4c2a76cf8ba21d1cb8ed2f4c8ee103371e2d"

[[projects]]
  digest = "1:b24d38b282bacf9791408a080f606370efa3d364e4b5fd9ba0f7b87786d3b679"
  name = "github.com/urfave/cli"
  packages = ["."]
  pruneopts = "UT"
  revision = "cfb38830724cc34fedffe9a2a29fb54fa9169cd1"
  version = "v1.20.0"

[[projects]]
  digest = "1:ed6a41de3eedd8d4868eea057837860453ebbe08c5e385fd50d4c24e5642ec18"
  name = "github.com/vektah/gqlparser"
  packages = [
    ".",
    "ast",
    "gqlerror",
    "lexer",
    "parser",
    "validator",
    "validator/rules",
  ]
  pruneopts = "UT"
  revision = "e805d08bb209b1accdea76bd2327811858d81985"
  version = "v1.0.0"

[[projects]]
  branch = "master"
  digest = "1:1a1ecfa7b54ca3f7a0115ab5c578d7d6a5d8b605839c549e80260468c42f8be7"
  name = "golang.org/x/net"
  packages = [
    "html",
    "html/atom",
  ]
  pruneopts = "UT"
  revision = "e147a9138326bc0e9d4e179541ffd8af41cff8a9"

[[projects]]
  digest = "1:740cec287074ade445ab57356e36f54d3e0d33c0d0ebf77047934da33af2c1c0"
  name = "golang.org/x/text"
  packages = [
    "internal/gen",
    "unicode/cldr",
  ]
  pruneopts = "UT"
  revision = "f21a4dfb5e38f5895301dc265a8def02365cc3d0"
  version = "v0.3.0"

[[projects]]
  branch = "master"
  digest = "1:24b916bf9d5211dbc922c2788356a8bee063e93275babaea7d03c28a69ecb956"
  name = "golang.org/x/tools"
  packages = [
    "go/ast/astutil",
    "go/buildutil",
    "go/gcexportdata",
    "go/internal/cgo",
    "go/internal/gcimporter",
    "go/loader",
    "go/packages",
    "go/types/typeutil",
    "imports",
    "internal/fastwalk",
    "internal/gopathwalk",
    "internal/semver",
  ]
  pruneopts = "UT"
  revision = "3c39ce7b61056afe4473b651789da5f89d4aeb20"

[[projects]]
  digest = "1:4d2e5a73dc1500038e504a8d78b986630e3626dc027bc030ba5c75da257cdb96"
  name = "gopkg.in/yaml.v2"
  packages = ["."]
  pruneopts = "UT"
  revision = "51d6538a90f86fe93ac480b35f37b2be17fef232"
  version = "v2.2.2"

[solve-meta]
  analyzer-name = "dep"
  analyzer-version = 1
  input-imports = [
    "github.com/99designs/gqlgen/cmd",
    "github.com/99designs/gqlgen/graphql",
    "github.com/99designs/gqlgen/graphql/introspection",
    "github.com/99designs/gqlgen/handler",
    "github.com/jinzhu/gorm",
    "github.com/jinzhu/gorm/dialects/postgres",
    "github.com/qor/admin",
    "github.com/rs/cors",
    "github.com/vektah/gqlparser",
    "github.com/vektah/gqlparser/ast",
  ]
  solver-name = "gps-cdcl"
  solver-version = 1
